// !$*UTF8*$!
{
	archiveVersion = 1;
	classes = {
	};
	objectVersion = 46;
	objects = {

/* Begin PBXBuildFile section */
		D02925EC1C89885800384521 /* AppDelegate.swift in Sources */ = {isa = PBXBuildFile; fileRef = D02925EB1C89885800384521 /* AppDelegate.swift */; };
		D02925EE1C89885800384521 /* ViewController.swift in Sources */ = {isa = PBXBuildFile; fileRef = D02925ED1C89885800384521 /* ViewController.swift */; };
		D02925F11C89885800384521 /* Main.storyboard in Resources */ = {isa = PBXBuildFile; fileRef = D02925EF1C89885800384521 /* Main.storyboard */; };
		D02925F31C89885800384521 /* Assets.xcassets in Resources */ = {isa = PBXBuildFile; fileRef = D02925F21C89885800384521 /* Assets.xcassets */; };
		D02925F61C89885800384521 /* LaunchScreen.storyboard in Resources */ = {isa = PBXBuildFile; fileRef = D02925F41C89885800384521 /* LaunchScreen.storyboard */; };
		D02927971C89A0FD00384521 /* epub.js-0.3 in Resources */ = {isa = PBXBuildFile; fileRef = D02927961C89A0FD00384521 /* epub.js-0.3 */; };
/* End PBXBuildFile section */

/* Begin PBXFileReference section */
		D02925E81C89885700384521 /* jsHelper.app */ = {isa = PBXFileReference; explicitFileType = wrapper.application; includeInIndex = 0; path = jsHelper.app; sourceTree = BUILT_PRODUCTS_DIR; };
		D02925EB1C89885800384521 /* AppDelegate.swift */ = {isa = PBXFileReference; lastKnownFileType = sourcecode.swift; path = AppDelegate.swift; sourceTree = "<group>"; };
		D02925ED1C89885800384521 /* ViewController.swift */ = {isa = PBXFileReference; lastKnownFileType = sourcecode.swift; path = ViewController.swift; sourceTree = "<group>"; };
		D02925F01C89885800384521 /* Base */ = {isa = PBXFileReference; lastKnownFileType = file.storyboard; name = Base; path = Base.lproj/Main.storyboard; sourceTree = "<group>"; };
		D02925F21C89885800384521 /* Assets.xcassets */ = {isa = PBXFileReference; lastKnownFileType = folder.assetcatalog; path = Assets.xcassets; sourceTree = "<group>"; };
		D02925F51C89885800384521 /* Base */ = {isa = PBXFileReference; lastKnownFileType = file.storyboard; name = Base; path = Base.lproj/LaunchScreen.storyboard; sourceTree = "<group>"; };
		D02925F71C89885800384521 /* Info.plist */ = {isa = PBXFileReference; lastKnownFileType = text.plist.xml; path = Info.plist; sourceTree = "<group>"; };
		D02927961C89A0FD00384521 /* epub.js-0.3 */ = {isa = PBXFileReference; lastKnownFileType = folder; path = "epub.js-0.3"; sourceTree = "<group>"; };
/* End PBXFileReference section */

/* Begin PBXFrameworksBuildPhase section */
		D02925E51C89885700384521 /* Frameworks */ = {
			isa = PBXFrameworksBuildPhase;
			buildActionMask = 2147483647;
			files = (
			);
			runOnlyForDeploymentPostprocessing = 0;
		};
/* End PBXFrameworksBuildPhase section */

/* Begin PBXGroup section */
		D02925DF1C89885700384521 = {
			isa = PBXGroup;
			children = (
				D02925EA1C89885700384521 /* jsHelper */,
				D02925E91C89885700384521 /* Products */,
			);
			sourceTree = "<group>";
		};
		D02925E91C89885700384521 /* Products */ = {
			isa = PBXGroup;
			children = (
				D02925E81C89885700384521 /* jsHelper.app */,
			);
			name = Products;
			sourceTree = "<group>";
		};
		D02925EA1C89885700384521 /* jsHelper */ = {
			isa = PBXGroup;
			children = (
				D02925FD1C89895400384521 /* JavaScript */,
				D02925EB1C89885800384521 /* AppDelegate.swift */,
				D02925ED1C89885800384521 /* ViewController.swift */,
				D02925EF1C89885800384521 /* Main.storyboard */,
				D02925F21C89885800384521 /* Assets.xcassets */,
				D02925F41C89885800384521 /* LaunchScreen.storyboard */,
				D02925F71C89885800384521 /* Info.plist */,
			);
			path = jsHelper;
			sourceTree = "<group>";
		};
		D02925FD1C89895400384521 /* JavaScript */ = {
			isa = PBXGroup;
			children = (
				D02927961C89A0FD00384521 /* epub.js-0.3 */,
			);
			path = JavaScript;
			sourceTree = "<group>";
		};
/* End PBXGroup section */

/* Begin PBXNativeTarget section */
		D02925E71C89885700384521 /* jsHelper */ = {
			isa = PBXNativeTarget;
			buildConfigurationList = D02925FA1C89885800384521 /* Build configuration list for PBXNativeTarget "jsHelper" */;
			buildPhases = (
				D02925E41C89885700384521 /* Sources */,
				D02925E51C89885700384521 /* Frameworks */,
				D02925E61C89885700384521 /* Resources */,
			);
			buildRules = (
			);
			dependencies = (
			);
			name = jsHelper;
			productName = jsHelper;
			productReference = D02925E81C89885700384521 /* jsHelper.app */;
			productType = "com.apple.product-type.application";
		};
/* End PBXNativeTarget section */

/* Begin PBXProject section */
		D02925E01C89885700384521 /* Project object */ = {
			isa = PBXProject;
			attributes = {
				LastSwiftUpdateCheck = 0720;
				LastUpgradeCheck = 0720;
				ORGANIZATIONNAME = helper;
				TargetAttributes = {
					D02925E71C89885700384521 = {
						CreatedOnToolsVersion = 7.2.1;
					};
				};
			};
			buildConfigurationList = D02925E31C89885700384521 /* Build configuration list for PBXProject "jsHelper" */;
			compatibilityVersion = "Xcode 3.2";
			developmentRegion = English;
			hasScannedForEncodings = 0;
			knownRegions = (
				en,
				Base,
			);
			mainGroup = D02925DF1C89885700384521;
			productRefGroup = D02925E91C89885700384521 /* Products */;
			projectDirPath = "";
			projectRoot = "";
			targets = (
				D02925E71C89885700384521 /* jsHelper */,
			);
		};
/* End PBXProject section */

/* Begin PBXResourcesBuildPhase section */
		D02925E61C89885700384521 /* Resources */ = {
			isa = PBXResourcesBuildPhase;
			buildActionMask = 2147483647;
			files = (
				D02927971C89A0FD00384521 /* epub.js-0.3 in Resources */,
				D02925F61C89885800384521 /* LaunchScreen.storyboard in Resources */,
				D02925F31C89885800384521 /* Assets.xcassets in Resources */,
				D02925F11C89885800384521 /* Main.storyboard in Resources */,
			);
			runOnlyForDeploymentPostprocessing = 0;
		};
/* End PBXResourcesBuildPhase section */

/* Begin PBXSourcesBuildPhase section */
		D02925E41C89885700384521 /* Sources */ = {
			isa = PBXSourcesBuildPhase;
			buildActionMask = 2147483647;
			files = (
				D02925EE1C89885800384521 /* ViewController.swift in Sources */,
				D02925EC1C89885800384521 /* AppDelegate.swift in Sources */,
			);
			runOnlyForDeploymentPostprocessing = 0;
		};
/* End PBXSourcesBuildPhase section */

/* Begin PBXVariantGroup section */
		D02925EF1C89885800384521 /* Main.storyboard */ = {
			isa = PBXVariantGroup;
			children = (
				D02925F01C89885800384521 /* Base */,
			);
			name = Main.storyboard;
			sourceTree = "<group>";
		};
		D02925F41C89885800384521 /* LaunchScreen.storyboard */ = {
			isa = PBXVariantGroup;
			children = (
				D02925F51C89885800384521 /* Base */,
			);
			name = LaunchScreen.storyboard;
			sourceTree = "<group>";
		};
/* End PBXVariantGroup section */

/* Begin XCBuildConfiguration section */
		D02925F81C89885800384521 /* Debug */ = {
			isa = XCBuildConfiguration;
			buildSettings = {
				ALWAYS_SEARCH_USER_PATHS = NO;
				CLANG_CXX_LANGUAGE_STANDARD = "gnu++0x";
				CLANG_CXX_LIBRARY = "libc++";
				CLANG_ENABLE_MODULES = YES;
				CLANG_ENABLE_OBJC_ARC = YES;
				CLANG_WARN_BOOL_CONVERSION = YES;
				CLANG_WARN_CONSTANT_CONVERSION = YES;
				CLANG_WARN_DIRECT_OBJC_ISA_USAGE = YES_ERROR;
				CLANG_WARN_EMPTY_BODY = YES;
				CLANG_WARN_ENUM_CONVERSION = YES;
				CLANG_WARN_INT_CONVERSION = YES;
				CLANG_WARN_OBJC_ROOT_CLASS = YES_ERROR;
				CLANG_WARN_UNREACHABLE_CODE = YES;
				CLANG_WARN__DUPLICATE_METHOD_MATCH = YES;
				"CODE_SIGN_IDENTITY[sdk=iphoneos*]" = "iPhone Developer";
				COPY_PHASE_STRIP = NO;
				DEBUG_INFORMATION_FORMAT = dwarf;
				ENABLE_STRICT_OBJC_MSGSEND = YES;
				ENABLE_TESTABILITY = YES;
				GCC_C_LANGUAGE_STANDARD = gnu99;
				GCC_DYNAMIC_NO_PIC = NO;
				GCC_NO_COMMON_BLOCKS = YES;
				GCC_OPTIMIZATION_LEVEL = 0;
				GCC_PREPROCESSOR_DEFINITIONS = (
					"DEBUG=1",
					"$(inherited)",
				);
				GCC_WARN_64_TO_32_BIT_CONVERSION = YES;
				GCC_WARN_ABOUT_RETURN_TYPE = YES_ERROR;
				GCC_WARN_UNDECLARED_SELECTOR = YES;
				GCC_WARN_UNINITIALIZED_AUTOS = YES_AGGRESSIVE;
				GCC_WARN_UNUSED_FUNCTION = YES;
				GCC_WARN_UNUSED_VARIABLE = YES;
				IPHONEOS_DEPLOYMENT_TARGET = 9.2;
				MTL_ENABLE_DEBUG_INFO = YES;
				ONLY_ACTIVE_ARCH = YES;
				SDKROOT = iphoneos;
				SWIFT_OPTIMIZATION_LEVEL = "-Onone";
				TARGETED_DEVICE_FAMILY = "1,2";
			};
			name = Debug;
		};
		D02925F91C89885800384521 /* Release */ = {
			isa = XCBuildConfiguration;
			buildSettings = {
				ALWAYS_SEARCH_USER_PATHS = NO;
				CLANG_CXX_LANGUAGE_STANDARD = "gnu++0x";
				CLANG_CXX_LIBRARY = "libc++";
				CLANG_ENABLE_MODULES = YES;
				CLANG_ENABLE_OBJC_ARC = YES;
				CLANG_WARN_BOOL_CONVERSION = YES;
				CLANG_WARN_CONSTANT_CONVERSION = YES;
				CLANG_WARN_DIRECT_OBJC_ISA_USAGE = YES_ERROR;
				CLANG_WARN_EMPTY_BODY = YES;
				CLANG_WARN_ENUM_CONVERSION = YES;
				CLANG_WARN_INT_CONVERSION = YES;
				CLANG_WARN_OBJC_ROOT_CLASS = YES_ERROR;
				CLANG_WARN_UNREACHABLE_CODE = YES;
				CLANG_WARN__DUPLICATE_METHOD_MATCH = YES;
				"CODE_SIGN_IDENTITY[sdk=iphoneos*]" = "iPhone Developer";
				COPY_PHASE_STRIP = NO;
				DEBUG_INFORMATION_FORMAT = "dwarf-with-dsym";
				ENABLE_NS_ASSERTIONS = NO;
				ENABLE_STRICT_OBJC_MSGSEND = YES;
				GCC_C_LANGUAGE_STANDARD = gnu99;
				GCC_NO_COMMON_BLOCKS = YES;
				GCC_WARN_64_TO_32_BIT_CONVERSION = YES;
				GCC_WARN_ABOUT_RETURN_TYPE = YES_ERROR;
				GCC_WARN_UNDECLARED_SELECTOR = YES;
				GCC_WARN_UNINITIALIZED_AUTOS = YES_AGGRESSIVE;
				GCC_WARN_UNUSED_FUNCTION = YES;
				GCC_WARN_UNUSED_VARIABLE = YES;
				IPHONEOS_DEPLOYMENT_TARGET = 9.2;
				MTL_ENABLE_DEBUG_INFO = NO;
				SDKROOT = iphoneos;
				TARGETED_DEVICE_FAMILY = "1,2";
				VALIDATE_PRODUCT = YES;
			};
			name = Release;
		};
		D02925FB1C89885800384521 /* Debug */ = {
			isa = XCBuildConfiguration;
			buildSettings = {
				ASSETCATALOG_COMPILER_APPICON_NAME = AppIcon;
				INFOPLIST_FILE = jsHelper/Info.plist;
				IPHONEOS_DEPLOYMENT_TARGET = 8.4;
				LD_RUNPATH_SEARCH_PATHS = "$(inherited) @executable_path/Frameworks";
				PRODUCT_BUNDLE_IDENTIFIER = com.helper.jsHelper;
				PRODUCT_NAME = "$(TARGET_NAME)";
			};
			name = Debug;
		};
		D02925FC1C89885800384521 /* Release */ = {
			isa = XCBuildConfiguration;
			buildSettings = {
				ASSETCATALOG_COMPILER_APPICON_NAME = AppIcon;
				INFOPLIST_FILE = jsHelper/Info.plist;
				IPHONEOS_DEPLOYMENT_TARGET = 8.4;
				LD_RUNPATH_SEARCH_PATHS = "$(inherited) @executable_path/Frameworks";
				PRODUCT_BUNDLE_IDENTIFIER = com.helper.jsHelper;
				PRODUCT_NAME = "$(TARGET_NAME)";
			};
			name = Release;
		};
/* End XCBuildConfiguration section */

/* Begin XCConfigurationList section */
		D02925E31C89885700384521 /* Build configuration list for PBXProject "jsHelper" */ = {
			isa = XCConfigurationList;
			buildConfigurations = (
				D02925F81C89885800384521 /* Debug */,
				D02925F91C89885800384521 /* Release */,
			);
			defaultConfigurationIsVisible = 0;
			defaultConfigurationName = Release;
		};
		D02925FA1C89885800384521 /* Build configuration list for PBXNativeTarget "jsHelper" */ = {
			isa = XCConfigurationList;
			buildConfigurations = (
				D02925FB1C89885800384521 /* Debug */,
				D02925FC1C89885800384521 /* Release */,
			);
			defaultConfigurationIsVisible = 0;
		};
/* End XCConfigurationList section */
	};
	rootObject = D02925E01C89885700384521 /* Project object */;
}
